
Microsoft Visual Studio Solution File, Format Version 12.00
# Visual Studio Version 16
VisualStudioVersion = 16.0.30717.126
MinimumVisualStudioVersion = 10.0.40219.1
Project("{FAE04EC0-301F-11D3-BF4B-00C04F79EFBC}") = "WebCrawler", "WebCrawler\WebCrawler.csproj", "{FCC78701-B8B3-4C7C-B485-03BC60D3CF08}"
EndProject
Project("{FAE04EC0-301F-11D3-BF4B-00C04F79EFBC}") = "WebCrawler.Tests", "WebCrawler.Tests\WebCrawler.Tests.csproj", "{2386835F-007C-4F46-AB23-68A4E6F05E38}"
EndProject
Global
	GlobalSection(SolutionConfigurationPlatforms) = preSolution
		Debug|Any CPU = Debug|Any CPU
		Release|Any CPU = Release|Any CPU
	EndGlobalSection
	GlobalSection(ProjectConfigurationPlatforms) = postSolution
		{FCC78701-B8B3-4C7C-B485-03BC60D3CF08}.Debug|Any CPU.ActiveCfg = Debug|Any CPU
		{FCC78701-B8B3-4C7C-B485-03BC60D3CF08}.Debug|Any CPU.Build.0 = Debug|Any CPU
		{FCC78701-B8B3-4C7C-B485-03BC60D3CF08}.Release|Any CPU.ActiveCfg = Release|Any CPU
		{FCC78701-B8B3-4C7C-B485-03BC60D3CF08}.Release|Any CPU.Build.0 = Release|Any CPU
		{2386835F-007C-4F46-AB23-68A4E6F05E38}.Debug|Any CPU.ActiveCfg = Debug|Any CPU
		{2386835F-007C-4F46-AB23-68A4E6F05E38}.Debug|Any CPU.Build.0 = Debug|Any CPU
		{2386835F-007C-4F46-AB23-68A4E6F05E38}.Release|Any CPU.ActiveCfg = Release|Any CPU
		{2386835F-007C-4F46-AB23-68A4E6F05E38}.Release|Any CPU.Build.0 = Release|Any CPU
	EndGlobalSection
	GlobalSection(SolutionProperties) = preSolution
		HideSolutionNode = FALSE
	EndGlobalSection
	GlobalSection(ExtensibilityGlobals) = postSolution
		SolutionGuid = {CA52EEC9-F8D4-434D-B79C-0C92C690C099}
	EndGlobalSection
EndGlobal
